
Microsoft Visual Studio Solution File, Format Version 12.00
# Visual Studio Version 16
VisualStudioVersion = 16.0.31515.178
MinimumVisualStudioVersion = 10.0.40219.1
Project("{2150E333-8FDC-42A3-9474-1A3956D46DE8}") = "src", "src", "{C62BC725-8447-4686-B050-DB4D7AF4DB4E}"
EndProject
Project("{2150E333-8FDC-42A3-9474-1A3956D46DE8}") = "test", "test", "{D6F34F92-1AE3-43EA-AE34-610AF5FA0AB0}"
EndProject
Project("{2150E333-8FDC-42A3-9474-1A3956D46DE8}") = "application", "application", "{1BEB8956-5E70-4074-8133-22CEDFC05492}"
EndProject
Project("{2150E333-8FDC-42A3-9474-1A3956D46DE8}") = "core", "core", "{3442A199-4FEF-4727-A616-A104AE6A9E3D}"
EndProject
Project("{2150E333-8FDC-42A3-9474-1A3956D46DE8}") = "domain", "domain", "{BD9674E0-6514-4E7D-BAB1-98B933EEFB84}"
EndProject
Project("{2150E333-8FDC-42A3-9474-1A3956D46DE8}") = "infrastructure", "infrastructure", "{9F96C15D-6BB0-426D-9E2C-2A2E98A8C95B}"
EndProject
Project("{2150E333-8FDC-42A3-9474-1A3956D46DE8}") = "persistence", "persistence", "{7549F89D-E4BD-4CB3-A686-993B1C6E39B8}"
EndProject
Project("{2150E333-8FDC-42A3-9474-1A3956D46DE8}") = "presentation", "presentation", "{26C430F0-A24B-4D13-AD33-CD8837F431A9}"
EndProject
Project("{FAE04EC0-301F-11D3-BF4B-00C04F79EFBC}") = "QuanticApi.Core", "src\core\QuanticApi.Core\QuanticApi.Core.csproj", "{317A335B-9E5D-4AB2-8B08-31337AAD260F}"
EndProject
Project("{FAE04EC0-301F-11D3-BF4B-00C04F79EFBC}") = "QuanticApi.Domain", "src\domain\QuanticApi.Domain\QuanticApi.Domain.csproj", "{BC78A74E-1834-433C-BAC6-B7C30A87B95D}"
EndProject
Project("{2150E333-8FDC-42A3-9474-1A3956D46DE8}") = "EFCore", "EFCore", "{4B64C0F8-63EA-4BEE-A33F-7267FE06D82A}"
EndProject
Project("{FAE04EC0-301F-11D3-BF4B-00C04F79EFBC}") = "QuanticApi.Persistence", "src\persistence\EFCore\QuanticApi.Persistence\QuanticApi.Persistence.csproj", "{807059AB-3DCD-4288-8BFE-386B63D1C2A0}"
EndProject
Project("{2150E333-8FDC-42A3-9474-1A3956D46DE8}") = "webapi", "webapi", "{FA57A128-BAC7-45F5-AA2F-8AC832136DE7}"
EndProject
Project("{FAE04EC0-301F-11D3-BF4B-00C04F79EFBC}") = "QuanticApi.API", "src\presentation\webapi\QuanticApi.API\QuanticApi.API.csproj", "{4C8DB56C-C379-48F1-8123-E4A667FD8F35}"
EndProject
Project("{FAE04EC0-301F-11D3-BF4B-00C04F79EFBC}") = "QuanticApi.Application", "src\application\QuanticApi.Application\QuanticApi.Application.csproj", "{AD2B080F-6FE5-45CE-A750-FA446892D6FE}"
EndProject
Project("{FAE04EC0-301F-11D3-BF4B-00C04F79EFBC}") = "QuanticApi.Infrastructure", "src\infrastructure\QuanticApi.Infrastructure\QuanticApi.Infrastructure.csproj", "{18BAF409-1034-464F-9B6E-B9FF8E81F2B5}"
EndProject
Global
	GlobalSection(SolutionConfigurationPlatforms) = preSolution
		Debug|Any CPU = Debug|Any CPU
		Release|Any CPU = Release|Any CPU
	EndGlobalSection
	GlobalSection(ProjectConfigurationPlatforms) = postSolution
		{317A335B-9E5D-4AB2-8B08-31337AAD260F}.Debug|Any CPU.ActiveCfg = Debug|Any CPU
		{317A335B-9E5D-4AB2-8B08-31337AAD260F}.Debug|Any CPU.Build.0 = Debug|Any CPU
		{317A335B-9E5D-4AB2-8B08-31337AAD260F}.Release|Any CPU.ActiveCfg = Release|Any CPU
		{317A335B-9E5D-4AB2-8B08-31337AAD260F}.Release|Any CPU.Build.0 = Release|Any CPU
		{BC78A74E-1834-433C-BAC6-B7C30A87B95D}.Debug|Any CPU.ActiveCfg = Debug|Any CPU
		{BC78A74E-1834-433C-BAC6-B7C30A87B95D}.Debug|Any CPU.Build.0 = Debug|Any CPU
		{BC78A74E-1834-433C-BAC6-B7C30A87B95D}.Release|Any CPU.ActiveCfg = Release|Any CPU
		{BC78A74E-1834-433C-BAC6-B7C30A87B95D}.Release|Any CPU.Build.0 = Release|Any CPU
		{807059AB-3DCD-4288-8BFE-386B63D1C2A0}.Debug|Any CPU.ActiveCfg = Debug|Any CPU
		{807059AB-3DCD-4288-8BFE-386B63D1C2A0}.Debug|Any CPU.Build.0 = Debug|Any CPU
		{807059AB-3DCD-4288-8BFE-386B63D1C2A0}.Release|Any CPU.ActiveCfg = Release|Any CPU
		{807059AB-3DCD-4288-8BFE-386B63D1C2A0}.Release|Any CPU.Build.0 = Release|Any CPU
		{4C8DB56C-C379-48F1-8123-E4A667FD8F35}.Debug|Any CPU.ActiveCfg = Debug|Any CPU
		{4C8DB56C-C379-48F1-8123-E4A667FD8F35}.Debug|Any CPU.Build.0 = Debug|Any CPU
		{4C8DB56C-C379-48F1-8123-E4A667FD8F35}.Release|Any CPU.ActiveCfg = Release|Any CPU
		{4C8DB56C-C379-48F1-8123-E4A667FD8F35}.Release|Any CPU.Build.0 = Release|Any CPU
		{AD2B080F-6FE5-45CE-A750-FA446892D6FE}.Debug|Any CPU.ActiveCfg = Debug|Any CPU
		{AD2B080F-6FE5-45CE-A750-FA446892D6FE}.Debug|Any CPU.Build.0 = Debug|Any CPU
		{AD2B080F-6FE5-45CE-A750-FA446892D6FE}.Release|Any CPU.ActiveCfg = Release|Any CPU
		{AD2B080F-6FE5-45CE-A750-FA446892D6FE}.Release|Any CPU.Build.0 = Release|Any CPU
		{18BAF409-1034-464F-9B6E-B9FF8E81F2B5}.Debug|Any CPU.ActiveCfg = Debug|Any CPU
		{18BAF409-1034-464F-9B6E-B9FF8E81F2B5}.Debug|Any CPU.Build.0 = Debug|Any CPU
		{18BAF409-1034-464F-9B6E-B9FF8E81F2B5}.Release|Any CPU.ActiveCfg = Release|Any CPU
		{18BAF409-1034-464F-9B6E-B9FF8E81F2B5}.Release|Any CPU.Build.0 = Release|Any CPU
	EndGlobalSection
	GlobalSection(SolutionProperties) = preSolution
		HideSolutionNode = FALSE
	EndGlobalSection
	GlobalSection(NestedProjects) = preSolution
		{1BEB8956-5E70-4074-8133-22CEDFC05492} = {C62BC725-8447-4686-B050-DB4D7AF4DB4E}
		{3442A199-4FEF-4727-A616-A104AE6A9E3D} = {C62BC725-8447-4686-B050-DB4D7AF4DB4E}
		{BD9674E0-6514-4E7D-BAB1-98B933EEFB84} = {C62BC725-8447-4686-B050-DB4D7AF4DB4E}
		{9F96C15D-6BB0-426D-9E2C-2A2E98A8C95B} = {C62BC725-8447-4686-B050-DB4D7AF4DB4E}
		{7549F89D-E4BD-4CB3-A686-993B1C6E39B8} = {C62BC725-8447-4686-B050-DB4D7AF4DB4E}
		{26C430F0-A24B-4D13-AD33-CD8837F431A9} = {C62BC725-8447-4686-B050-DB4D7AF4DB4E}
		{317A335B-9E5D-4AB2-8B08-31337AAD260F} = {3442A199-4FEF-4727-A616-A104AE6A9E3D}
		{BC78A74E-1834-433C-BAC6-B7C30A87B95D} = {BD9674E0-6514-4E7D-BAB1-98B933EEFB84}
		{4B64C0F8-63EA-4BEE-A33F-7267FE06D82A} = {7549F89D-E4BD-4CB3-A686-993B1C6E39B8}
		{807059AB-3DCD-4288-8BFE-386B63D1C2A0} = {4B64C0F8-63EA-4BEE-A33F-7267FE06D82A}
		{FA57A128-BAC7-45F5-AA2F-8AC832136DE7} = {26C430F0-A24B-4D13-AD33-CD8837F431A9}
		{4C8DB56C-C379-48F1-8123-E4A667FD8F35} = {FA57A128-BAC7-45F5-AA2F-8AC832136DE7}
		{AD2B080F-6FE5-45CE-A750-FA446892D6FE} = {1BEB8956-5E70-4074-8133-22CEDFC05492}
		{18BAF409-1034-464F-9B6E-B9FF8E81F2B5} = {9F96C15D-6BB0-426D-9E2C-2A2E98A8C95B}
	EndGlobalSection
	GlobalSection(ExtensibilityGlobals) = postSolution
		SolutionGuid = {ADA68582-D574-4A20-8B2A-4E6D94F1A9FE}
	EndGlobalSection
EndGlobal
